{"1.2.0",
[{<<"bbmustache">>,{pkg,<<"bbmustache">>,<<"1.12.1">>},0},
 {<<"cowboy">>,{pkg,<<"cowboy">>,<<"2.8.0">>},0},
 {<<"cowboy_session">>,
  {git,"https://github.com/gfngfn/cowboy_session.git",
       {ref,"d41622bf85c6239bcf5fdd530e033e0acb89181c"}},
  0},
 {<<"cowlib">>,{pkg,<<"cowlib">>,<<"2.9.1">>},1},
 {<<"gproc">>,
  {git,"https://github.com/esl/gproc.git",
       {ref,"1f12fbf6fd75cb4fa6e7b38f331fe3e1fdd2adf0"}},
  1},
 {<<"jsone">>,{pkg,<<"jsone">>,<<"1.5.7">>},0},
 {<<"quickrand">>,
  {git,"https://github.com/okeuday/quickrand.git",
       {ref,"c80077162f32c10002219f70e0afadb71e05f88c"}},
  1},
 {<<"ranch">>,{pkg,<<"ranch">>,<<"1.7.1">>},1},
 {<<"sesterl_json">>,
  {git,"https://github.com/gfngfn/sesterl_json",
       {ref,"023e493ba1ee83be17c8debf74d25ff54085276a"}},
  0},
 {<<"sesterl_stdlib">>,
  {git,"https://github.com/gfngfn/sesterl_stdlib",
       {ref,"b3572045317d38c5d9c36b6cff75f4e818f94385"}},
  0},
 {<<"uuid">>,
  {git,"https://github.com/okeuday/uuid.git",
       {ref,"9312cc158a94c76e40c82ca45fd5056fb191c889"}},
  0}]}.
[
{pkg_hash,[
 {<<"bbmustache">>, <<"857FBDF86BDA46D07201B0E7A969820CB763A7C174C485FD0780D7E033EFE9F0">>},
 {<<"cowboy">>, <<"F3DC62E35797ECD9AC1B50DB74611193C29815401E53BAC9A5C0577BD7BC667D">>},
 {<<"cowlib">>, <<"61A6C7C50CF07FDD24B2F45B89500BB93B6686579B069A89F88CB211E1125C78">>},
 {<<"jsone">>, <<"036EC290BF3B2B3348B2EEC199A0FCDA62CE296AB6B736A403A6A440C5203618">>},
 {<<"ranch">>, <<"6B1FAB51B49196860B733A49C07604465A47BDB78AA10C1C16A3D199F7F8C881">>}]},
{pkg_hash_ext,[
 {<<"bbmustache">>, <<"F4320778C31A821A2A664DB8894618ABB79C1AF7BBF7C03C703C8868D9BB09FE">>},
 {<<"cowboy">>, <<"4643E4FBA74AC96D4D152C75803DE6FAD0B3FA5DF354C71AFDD6CBEEB15FAC8A">>},
 {<<"cowlib">>, <<"E4175DC240A70D996156160891E1C62238EDE1729E45740BDD38064DAD476170">>},
 {<<"jsone">>, <<"5F146CBF953469667EEE145FB066D6EE6B9B181BCFD547295317526E7464D732">>},
 {<<"ranch">>, <<"451D8527787DF716D99DC36162FCA05934915DB0B6141BBDAC2EA8D3C7AFC7D7">>}]}
].
