{"1.1.0",
[{<<"cowboy">>,{pkg,<<"cowboy">>,<<"2.8.0">>},0},
 {<<"cowboy_session">>,
  {git,"https://github.com/gfngfn/cowboy_session.git",
       {ref,"d41622bf85c6239bcf5fdd530e033e0acb89181c"}},
  0},
 {<<"cowlib">>,{pkg,<<"cowlib">>,<<"2.9.1">>},1},
 {<<"gproc">>,
  {git,"https://github.com/esl/gproc.git",
       {ref,"1f12fbf6fd75cb4fa6e7b38f331fe3e1fdd2adf0"}},
  1},
 {<<"jsone">>,{pkg,<<"jsone">>,<<"1.5.7">>},0},
 {<<"quickrand">>,
  {git,"https://github.com/okeuday/quickrand.git",
       {ref,"c80077162f32c10002219f70e0afadb71e05f88c"}},
  1},
 {<<"ranch">>,{pkg,<<"ranch">>,<<"1.7.1">>},1},
 {<<"uuid">>,
  {git,"https://github.com/okeuday/uuid.git",
       {ref,"9312cc158a94c76e40c82ca45fd5056fb191c889"}},
  0}]}.
[
{pkg_hash,[
 {<<"cowboy">>, <<"F3DC62E35797ECD9AC1B50DB74611193C29815401E53BAC9A5C0577BD7BC667D">>},
 {<<"cowlib">>, <<"61A6C7C50CF07FDD24B2F45B89500BB93B6686579B069A89F88CB211E1125C78">>},
 {<<"jsone">>, <<"036EC290BF3B2B3348B2EEC199A0FCDA62CE296AB6B736A403A6A440C5203618">>},
 {<<"ranch">>, <<"6B1FAB51B49196860B733A49C07604465A47BDB78AA10C1C16A3D199F7F8C881">>}]}
].
